// !$*UTF8*$!
{
	archiveVersion = 1;
	classes = {
	};
	objectVersion = 56;
	objects = {

/* Begin PBXBuildFile section */
		14CD049D2AEFFC9600F43B39 /* AppDelegate.swift in Sources */ = {isa = PBXBuildFile; fileRef = 14CD049C2AEFFC9600F43B39 /* AppDelegate.swift */; };
		14CD049F2AEFFC9600F43B39 /* SceneDelegate.swift in Sources */ = {isa = PBXBuildFile; fileRef = 14CD049E2AEFFC9600F43B39 /* SceneDelegate.swift */; };
		14CD04A12AEFFC9600F43B39 /* ViewController.swift in Sources */ = {isa = PBXBuildFile; fileRef = 14CD04A02AEFFC9600F43B39 /* ViewController.swift */; };
		14CD04A42AEFFC9600F43B39 /* Main.storyboard in Resources */ = {isa = PBXBuildFile; fileRef = 14CD04A22AEFFC9600F43B39 /* Main.storyboard */; };
		14CD04A72AEFFC9600F43B39 /* SaveNotes2.xcdatamodeld in Sources */ = {isa = PBXBuildFile; fileRef = 14CD04A52AEFFC9600F43B39 /* SaveNotes2.xcdatamodeld */; };
		14CD04A92AEFFC9800F43B39 /* Assets.xcassets in Resources */ = {isa = PBXBuildFile; fileRef = 14CD04A82AEFFC9800F43B39 /* Assets.xcassets */; };
		14CD04AC2AEFFC9800F43B39 /* LaunchScreen.storyboard in Resources */ = {isa = PBXBuildFile; fileRef = 14CD04AA2AEFFC9800F43B39 /* LaunchScreen.storyboard */; };
		14CD04B72AEFFC9800F43B39 /* SaveNotes2Tests.swift in Sources */ = {isa = PBXBuildFile; fileRef = 14CD04B62AEFFC9800F43B39 /* SaveNotes2Tests.swift */; };
		14CD04C12AEFFC9800F43B39 /* SaveNotes2UITests.swift in Sources */ = {isa = PBXBuildFile; fileRef = 14CD04C02AEFFC9800F43B39 /* SaveNotes2UITests.swift */; };
		14CD04C32AEFFC9800F43B39 /* SaveNotes2UITestsLaunchTests.swift in Sources */ = {isa = PBXBuildFile; fileRef = 14CD04C22AEFFC9800F43B39 /* SaveNotes2UITestsLaunchTests.swift */; };
/* End PBXBuildFile section */

/* Begin PBXContainerItemProxy section */
		14CD04B32AEFFC9800F43B39 /* PBXContainerItemProxy */ = {
			isa = PBXContainerItemProxy;
			containerPortal = 14CD04912AEFFC9600F43B39 /* Project object */;
			proxyType = 1;
			remoteGlobalIDString = 14CD04982AEFFC9600F43B39;
			remoteInfo = SaveNotes2;
		};
		14CD04BD2AEFFC9800F43B39 /* PBXContainerItemProxy */ = {
			isa = PBXContainerItemProxy;
			containerPortal = 14CD04912AEFFC9600F43B39 /* Project object */;
			proxyType = 1;
			remoteGlobalIDString = 14CD04982AEFFC9600F43B39;
			remoteInfo = SaveNotes2;
		};
/* End PBXContainerItemProxy section */

/* Begin PBXFileReference section */
		14CD04992AEFFC9600F43B39 /* SaveNotes2.app */ = {isa = PBXFileReference; explicitFileType = wrapper.application; includeInIndex = 0; path = SaveNotes2.app; sourceTree = BUILT_PRODUCTS_DIR; };
		14CD049C2AEFFC9600F43B39 /* AppDelegate.swift */ = {isa = PBXFileReference; lastKnownFileType = sourcecode.swift; path = AppDelegate.swift; sourceTree = "<group>"; };
		14CD049E2AEFFC9600F43B39 /* SceneDelegate.swift */ = {isa = PBXFileReference; lastKnownFileType = sourcecode.swift; path = SceneDelegate.swift; sourceTree = "<group>"; };
		14CD04A02AEFFC9600F43B39 /* ViewController.swift */ = {isa = PBXFileReference; lastKnownFileType = sourcecode.swift; path = ViewController.swift; sourceTree = "<group>"; };
		14CD04A32AEFFC9600F43B39 /* Base */ = {isa = PBXFileReference; lastKnownFileType = file.storyboard; name = Base; path = Base.lproj/Main.storyboard; sourceTree = "<group>"; };
		14CD04A62AEFFC9600F43B39 /* SaveNotes2.xcdatamodel */ = {isa = PBXFileReference; lastKnownFileType = wrapper.xcdatamodel; path = SaveNotes2.xcdatamodel; sourceTree = "<group>"; };
		14CD04A82AEFFC9800F43B39 /* Assets.xcassets */ = {isa = PBXFileReference; lastKnownFileType = folder.assetcatalog; path = Assets.xcassets; sourceTree = "<group>"; };
		14CD04AB2AEFFC9800F43B39 /* Base */ = {isa = PBXFileReference; lastKnownFileType = file.storyboard; name = Base; path = Base.lproj/LaunchScreen.storyboard; sourceTree = "<group>"; };
		14CD04AD2AEFFC9800F43B39 /* Info.plist */ = {isa = PBXFileReference; lastKnownFileType = text.plist.xml; path = Info.plist; sourceTree = "<group>"; };
		14CD04B22AEFFC9800F43B39 /* SaveNotes2Tests.xctest */ = {isa = PBXFileReference; explicitFileType = wrapper.cfbundle; includeInIndex = 0; path = SaveNotes2Tests.xctest; sourceTree = BUILT_PRODUCTS_DIR; };
		14CD04B62AEFFC9800F43B39 /* SaveNotes2Tests.swift */ = {isa = PBXFileReference; lastKnownFileType = sourcecode.swift; path = SaveNotes2Tests.swift; sourceTree = "<group>"; };
		14CD04BC2AEFFC9800F43B39 /* SaveNotes2UITests.xctest */ = {isa = PBXFileReference; explicitFileType = wrapper.cfbundle; includeInIndex = 0; path = SaveNotes2UITests.xctest; sourceTree = BUILT_PRODUCTS_DIR; };
		14CD04C02AEFFC9800F43B39 /* SaveNotes2UITests.swift */ = {isa = PBXFileReference; lastKnownFileType = sourcecode.swift; path = SaveNotes2UITests.swift; sourceTree = "<group>"; };
		14CD04C22AEFFC9800F43B39 /* SaveNotes2UITestsLaunchTests.swift */ = {isa = PBXFileReference; lastKnownFileType = sourcecode.swift; path = SaveNotes2UITestsLaunchTests.swift; sourceTree = "<group>"; };
/* End PBXFileReference section */

/* Begin PBXFrameworksBuildPhase section */
		14CD04962AEFFC9600F43B39 /* Frameworks */ = {
			isa = PBXFrameworksBuildPhase;
			buildActionMask = 2147483647;
			files = (
			);
			runOnlyForDeploymentPostprocessing = 0;
		};
		14CD04AF2AEFFC9800F43B39 /* Frameworks */ = {
			isa = PBXFrameworksBuildPhase;
			buildActionMask = 2147483647;
			files = (
			);
			runOnlyForDeploymentPostprocessing = 0;
		};
		14CD04B92AEFFC9800F43B39 /* Frameworks */ = {
			isa = PBXFrameworksBuildPhase;
			buildActionMask = 2147483647;
			files = (
			);
			runOnlyForDeploymentPostprocessing = 0;
		};
/* End PBXFrameworksBuildPhase section */

/* Begin PBXGroup section */
		14CD04902AEFFC9600F43B39 = {
			isa = PBXGroup;
			children = (
				14CD049B2AEFFC9600F43B39 /* SaveNotes2 */,
				14CD04B52AEFFC9800F43B39 /* SaveNotes2Tests */,
				14CD04BF2AEFFC9800F43B39 /* SaveNotes2UITests */,
				14CD049A2AEFFC9600F43B39 /* Products */,
			);
			sourceTree = "<group>";
		};
		14CD049A2AEFFC9600F43B39 /* Products */ = {
			isa = PBXGroup;
			children = (
				14CD04992AEFFC9600F43B39 /* SaveNotes2.app */,
				14CD04B22AEFFC9800F43B39 /* SaveNotes2Tests.xctest */,
				14CD04BC2AEFFC9800F43B39 /* SaveNotes2UITests.xctest */,
			);
			name = Products;
			sourceTree = "<group>";
		};
		14CD049B2AEFFC9600F43B39 /* SaveNotes2 */ = {
			isa = PBXGroup;
			children = (
				14CD049C2AEFFC9600F43B39 /* AppDelegate.swift */,
				14CD049E2AEFFC9600F43B39 /* SceneDelegate.swift */,
				14CD04A02AEFFC9600F43B39 /* ViewController.swift */,
				14CD04A22AEFFC9600F43B39 /* Main.storyboard */,
				14CD04A82AEFFC9800F43B39 /* Assets.xcassets */,
				14CD04AA2AEFFC9800F43B39 /* LaunchScreen.storyboard */,
				14CD04AD2AEFFC9800F43B39 /* Info.plist */,
				14CD04A52AEFFC9600F43B39 /* SaveNotes2.xcdatamodeld */,
			);
			path = SaveNotes2;
			sourceTree = "<group>";
		};
		14CD04B52AEFFC9800F43B39 /* SaveNotes2Tests */ = {
			isa = PBXGroup;
			children = (
				14CD04B62AEFFC9800F43B39 /* SaveNotes2Tests.swift */,
			);
			path = SaveNotes2Tests;
			sourceTree = "<group>";
		};
		14CD04BF2AEFFC9800F43B39 /* SaveNotes2UITests */ = {
			isa = PBXGroup;
			children = (
				14CD04C02AEFFC9800F43B39 /* SaveNotes2UITests.swift */,
				14CD04C22AEFFC9800F43B39 /* SaveNotes2UITestsLaunchTests.swift */,
			);
			path = SaveNotes2UITests;
			sourceTree = "<group>";
		};
/* End PBXGroup section */

/* Begin PBXNativeTarget section */
		14CD04982AEFFC9600F43B39 /* SaveNotes2 */ = {
			isa = PBXNativeTarget;
			buildConfigurationList = 14CD04C62AEFFC9800F43B39 /* Build configuration list for PBXNativeTarget "SaveNotes2" */;
			buildPhases = (
				14CD04952AEFFC9600F43B39 /* Sources */,
				14CD04962AEFFC9600F43B39 /* Frameworks */,
				14CD04972AEFFC9600F43B39 /* Resources */,
			);
			buildRules = (
			);
			dependencies = (
			);
			name = SaveNotes2;
			productName = SaveNotes2;
			productReference = 14CD04992AEFFC9600F43B39 /* SaveNotes2.app */;
			productType = "com.apple.product-type.application";
		};
		14CD04B12AEFFC9800F43B39 /* SaveNotes2Tests */ = {
			isa = PBXNativeTarget;
			buildConfigurationList = 14CD04C92AEFFC9800F43B39 /* Build configuration list for PBXNativeTarget "SaveNotes2Tests" */;
			buildPhases = (
				14CD04AE2AEFFC9800F43B39 /* Sources */,
				14CD04AF2AEFFC9800F43B39 /* Frameworks */,
				14CD04B02AEFFC9800F43B39 /* Resources */,
			);
			buildRules = (
			);
			dependencies = (
				14CD04B42AEFFC9800F43B39 /* PBXTargetDependency */,
			);
			name = SaveNotes2Tests;
			productName = SaveNotes2Tests;
			productReference = 14CD04B22AEFFC9800F43B39 /* SaveNotes2Tests.xctest */;
			productType = "com.apple.product-type.bundle.unit-test";
		};
		14CD04BB2AEFFC9800F43B39 /* SaveNotes2UITests */ = {
			isa = PBXNativeTarget;
			buildConfigurationList = 14CD04CC2AEFFC9800F43B39 /* Build configuration list for PBXNativeTarget "SaveNotes2UITests" */;
			buildPhases = (
				14CD04B82AEFFC9800F43B39 /* Sources */,
				14CD04B92AEFFC9800F43B39 /* Frameworks */,
				14CD04BA2AEFFC9800F43B39 /* Resources */,
			);
			buildRules = (
			);
			dependencies = (
				14CD04BE2AEFFC9800F43B39 /* PBXTargetDependency */,
			);
			name = SaveNotes2UITests;
			productName = SaveNotes2UITests;
			productReference = 14CD04BC2AEFFC9800F43B39 /* SaveNotes2UITests.xctest */;
			productType = "com.apple.product-type.bundle.ui-testing";
		};
/* End PBXNativeTarget section */

/* Begin PBXProject section */
		14CD04912AEFFC9600F43B39 /* Project object */ = {
			isa = PBXProject;
			attributes = {
				BuildIndependentTargetsInParallel = 1;
				LastSwiftUpdateCheck = 1430;
				LastUpgradeCheck = 1430;
				TargetAttributes = {
					14CD04982AEFFC9600F43B39 = {
						CreatedOnToolsVersion = 14.3.1;
					};
					14CD04B12AEFFC9800F43B39 = {
						CreatedOnToolsVersion = 14.3.1;
						TestTargetID = 14CD04982AEFFC9600F43B39;
					};
					14CD04BB2AEFFC9800F43B39 = {
						CreatedOnToolsVersion = 14.3.1;
						TestTargetID = 14CD04982AEFFC9600F43B39;
					};
				};
			};
			buildConfigurationList = 14CD04942AEFFC9600F43B39 /* Build configuration list for PBXProject "SaveNotes2" */;
			compatibilityVersion = "Xcode 14.0";
			developmentRegion = en;
			hasScannedForEncodings = 0;
			knownRegions = (
				en,
				Base,
			);
			mainGroup = 14CD04902AEFFC9600F43B39;
			productRefGroup = 14CD049A2AEFFC9600F43B39 /* Products */;
			projectDirPath = "";
			projectRoot = "";
			targets = (
				14CD04982AEFFC9600F43B39 /* SaveNotes2 */,
				14CD04B12AEFFC9800F43B39 /* SaveNotes2Tests */,
				14CD04BB2AEFFC9800F43B39 /* SaveNotes2UITests */,
			);
		};
/* End PBXProject section */

/* Begin PBXResourcesBuildPhase section */
		14CD04972AEFFC9600F43B39 /* Resources */ = {
			isa = PBXResourcesBuildPhase;
			buildActionMask = 2147483647;
			files = (
				14CD04AC2AEFFC9800F43B39 /* LaunchScreen.storyboard in Resources */,
				14CD04A92AEFFC9800F43B39 /* Assets.xcassets in Resources */,
				14CD04A42AEFFC9600F43B39 /* Main.storyboard in Resources */,
			);
			runOnlyForDeploymentPostprocessing = 0;
		};
		14CD04B02AEFFC9800F43B39 /* Resources */ = {
			isa = PBXResourcesBuildPhase;
			buildActionMask = 2147483647;
			files = (
			);
			runOnlyForDeploymentPostprocessing = 0;
		};
		14CD04BA2AEFFC9800F43B39 /* Resources */ = {
			isa = PBXResourcesBuildPhase;
			buildActionMask = 2147483647;
			files = (
			);
			runOnlyForDeploymentPostprocessing = 0;
		};
/* End PBXResourcesBuildPhase section */

/* Begin PBXSourcesBuildPhase section */
		14CD04952AEFFC9600F43B39 /* Sources */ = {
			isa = PBXSourcesBuildPhase;
			buildActionMask = 2147483647;
			files = (
				14CD04A12AEFFC9600F43B39 /* ViewController.swift in Sources */,
				14CD04A72AEFFC9600F43B39 /* SaveNotes2.xcdatamodeld in Sources */,
				14CD049D2AEFFC9600F43B39 /* AppDelegate.swift in Sources */,
				14CD049F2AEFFC9600F43B39 /* SceneDelegate.swift in Sources */,
			);
			runOnlyForDeploymentPostprocessing = 0;
		};
		14CD04AE2AEFFC9800F43B39 /* Sources */ = {
			isa = PBXSourcesBuildPhase;
			buildActionMask = 2147483647;
			files = (
				14CD04B72AEFFC9800F43B39 /* SaveNotes2Tests.swift in Sources */,
			);
			runOnlyForDeploymentPostprocessing = 0;
		};
		14CD04B82AEFFC9800F43B39 /* Sources */ = {
			isa = PBXSourcesBuildPhase;
			buildActionMask = 2147483647;
			files = (
				14CD04C32AEFFC9800F43B39 /* SaveNotes2UITestsLaunchTests.swift in Sources */,
				14CD04C12AEFFC9800F43B39 /* SaveNotes2UITests.swift in Sources */,
			);
			runOnlyForDeploymentPostprocessing = 0;
		};
/* End PBXSourcesBuildPhase section */

/* Begin PBXTargetDependency section */
		14CD04B42AEFFC9800F43B39 /* PBXTargetDependency */ = {
			isa = PBXTargetDependency;
			target = 14CD04982AEFFC9600F43B39 /* SaveNotes2 */;
			targetProxy = 14CD04B32AEFFC9800F43B39 /* PBXContainerItemProxy */;
		};
		14CD04BE2AEFFC9800F43B39 /* PBXTargetDependency */ = {
			isa = PBXTargetDependency;
			target = 14CD04982AEFFC9600F43B39 /* SaveNotes2 */;
			targetProxy = 14CD04BD2AEFFC9800F43B39 /* PBXContainerItemProxy */;
		};
/* End PBXTargetDependency section */

/* Begin PBXVariantGroup section */
		14CD04A22AEFFC9600F43B39 /* Main.storyboard */ = {
			isa = PBXVariantGroup;
			children = (
				14CD04A32AEFFC9600F43B39 /* Base */,
			);
			name = Main.storyboard;
			sourceTree = "<group>";
		};
		14CD04AA2AEFFC9800F43B39 /* LaunchScreen.storyboard */ = {
			isa = PBXVariantGroup;
			children = (
				14CD04AB2AEFFC9800F43B39 /* Base */,
			);
			name = LaunchScreen.storyboard;
			sourceTree = "<group>";
		};
/* End PBXVariantGroup section */

/* Begin XCBuildConfiguration section */
		14CD04C42AEFFC9800F43B39 /* Debug */ = {
			isa = XCBuildConfiguration;
			buildSettings = {
				ALWAYS_SEARCH_USER_PATHS = NO;
				CLANG_ANALYZER_NONNULL = YES;
				CLANG_ANALYZER_NUMBER_OBJECT_CONVERSION = YES_AGGRESSIVE;
				CLANG_CXX_LANGUAGE_STANDARD = "gnu++20";
				CLANG_ENABLE_MODULES = YES;
				CLANG_ENABLE_OBJC_ARC = YES;
				CLANG_ENABLE_OBJC_WEAK = YES;
				CLANG_WARN_BLOCK_CAPTURE_AUTORELEASING = YES;
				CLANG_WARN_BOOL_CONVERSION = YES;
				CLANG_WARN_COMMA = YES;
				CLANG_WARN_CONSTANT_CONVERSION = YES;
				CLANG_WARN_DEPRECATED_OBJC_IMPLEMENTATIONS = YES;
				CLANG_WARN_DIRECT_OBJC_ISA_USAGE = YES_ERROR;
				CLANG_WARN_DOCUMENTATION_COMMENTS = YES;
				CLANG_WARN_EMPTY_BODY = YES;
				CLANG_WARN_ENUM_CONVERSION = YES;
				CLANG_WARN_INFINITE_RECURSION = YES;
				CLANG_WARN_INT_CONVERSION = YES;
				CLANG_WARN_NON_LITERAL_NULL_CONVERSION = YES;
				CLANG_WARN_OBJC_IMPLICIT_RETAIN_SELF = YES;
				CLANG_WARN_OBJC_LITERAL_CONVERSION = YES;
				CLANG_WARN_OBJC_ROOT_CLASS = YES_ERROR;
				CLANG_WARN_QUOTED_INCLUDE_IN_FRAMEWORK_HEADER = YES;
				CLANG_WARN_RANGE_LOOP_ANALYSIS = YES;
				CLANG_WARN_STRICT_PROTOTYPES = YES;
				CLANG_WARN_SUSPICIOUS_MOVE = YES;
				CLANG_WARN_UNGUARDED_AVAILABILITY = YES_AGGRESSIVE;
				CLANG_WARN_UNREACHABLE_CODE = YES;
				CLANG_WARN__DUPLICATE_METHOD_MATCH = YES;
				COPY_PHASE_STRIP = NO;
				DEBUG_INFORMATION_FORMAT = dwarf;
				ENABLE_STRICT_OBJC_MSGSEND = YES;
				ENABLE_TESTABILITY = YES;
				GCC_C_LANGUAGE_STANDARD = gnu11;
				GCC_DYNAMIC_NO_PIC = NO;
				GCC_NO_COMMON_BLOCKS = YES;
				GCC_OPTIMIZATION_LEVEL = 0;
				GCC_PREPROCESSOR_DEFINITIONS = (
					"DEBUG=1",
					"$(inherited)",
				);
				GCC_WARN_64_TO_32_BIT_CONVERSION = YES;
				GCC_WARN_ABOUT_RETURN_TYPE = YES_ERROR;
				GCC_WARN_UNDECLARED_SELECTOR = YES;
				GCC_WARN_UNINITIALIZED_AUTOS = YES_AGGRESSIVE;
				GCC_WARN_UNUSED_FUNCTION = YES;
				GCC_WARN_UNUSED_VARIABLE = YES;
				IPHONEOS_DEPLOYMENT_TARGET = 16.4;
				MTL_ENABLE_DEBUG_INFO = INCLUDE_SOURCE;
				MTL_FAST_MATH = YES;
				ONLY_ACTIVE_ARCH = YES;
				SDKROOT = iphoneos;
				SWIFT_ACTIVE_COMPILATION_CONDITIONS = DEBUG;
				SWIFT_OPTIMIZATION_LEVEL = "-Onone";
			};
			name = Debug;
		};
		14CD04C52AEFFC9800F43B39 /* Release */ = {
			isa = XCBuildConfiguration;
			buildSettings = {
				ALWAYS_SEARCH_USER_PATHS = NO;
				CLANG_ANALYZER_NONNULL = YES;
				CLANG_ANALYZER_NUMBER_OBJECT_CONVERSION = YES_AGGRESSIVE;
				CLANG_CXX_LANGUAGE_STANDARD = "gnu++20";
				CLANG_ENABLE_MODULES = YES;
				CLANG_ENABLE_OBJC_ARC = YES;
				CLANG_ENABLE_OBJC_WEAK = YES;
				CLANG_WARN_BLOCK_CAPTURE_AUTORELEASING = YES;
				CLANG_WARN_BOOL_CONVERSION = YES;
				CLANG_WARN_COMMA = YES;
				CLANG_WARN_CONSTANT_CONVERSION = YES;
				CLANG_WARN_DEPRECATED_OBJC_IMPLEMENTATIONS = YES;
				CLANG_WARN_DIRECT_OBJC_ISA_USAGE = YES_ERROR;
				CLANG_WARN_DOCUMENTATION_COMMENTS = YES;
				CLANG_WARN_EMPTY_BODY = YES;
				CLANG_WARN_ENUM_CONVERSION = YES;
				CLANG_WARN_INFINITE_RECURSION = YES;
				CLANG_WARN_INT_CONVERSION = YES;
				CLANG_WARN_NON_LITERAL_NULL_CONVERSION = YES;
				CLANG_WARN_OBJC_IMPLICIT_RETAIN_SELF = YES;
				CLANG_WARN_OBJC_LITERAL_CONVERSION = YES;
				CLANG_WARN_OBJC_ROOT_CLASS = YES_ERROR;
				CLANG_WARN_QUOTED_INCLUDE_IN_FRAMEWORK_HEADER = YES;
				CLANG_WARN_RANGE_LOOP_ANALYSIS = YES;
				CLANG_WARN_STRICT_PROTOTYPES = YES;
				CLANG_WARN_SUSPICIOUS_MOVE = YES;
				CLANG_WARN_UNGUARDED_AVAILABILITY = YES_AGGRESSIVE;
				CLANG_WARN_UNREACHABLE_CODE = YES;
				CLANG_WARN__DUPLICATE_METHOD_MATCH = YES;
				COPY_PHASE_STRIP = NO;
				DEBUG_INFORMATION_FORMAT = "dwarf-with-dsym";
				ENABLE_NS_ASSERTIONS = NO;
				ENABLE_STRICT_OBJC_MSGSEND = YES;
				GCC_C_LANGUAGE_STANDARD = gnu11;
				GCC_NO_COMMON_BLOCKS = YES;
				GCC_WARN_64_TO_32_BIT_CONVERSION = YES;
				GCC_WARN_ABOUT_RETURN_TYPE = YES_ERROR;
				GCC_WARN_UNDECLARED_SELECTOR = YES;
				GCC_WARN_UNINITIALIZED_AUTOS = YES_AGGRESSIVE;
				GCC_WARN_UNUSED_FUNCTION = YES;
				GCC_WARN_UNUSED_VARIABLE = YES;
				IPHONEOS_DEPLOYMENT_TARGET = 16.4;
				MTL_ENABLE_DEBUG_INFO = NO;
				MTL_FAST_MATH = YES;
				SDKROOT = iphoneos;
				SWIFT_COMPILATION_MODE = wholemodule;
				SWIFT_OPTIMIZATION_LEVEL = "-O";
				VALIDATE_PRODUCT = YES;
			};
			name = Release;
		};
		14CD04C72AEFFC9800F43B39 /* Debug */ = {
			isa = XCBuildConfiguration;
			buildSettings = {
				ASSETCATALOG_COMPILER_APPICON_NAME = AppIcon;
				ASSETCATALOG_COMPILER_GLOBAL_ACCENT_COLOR_NAME = AccentColor;
				CODE_SIGN_STYLE = Automatic;
				CURRENT_PROJECT_VERSION = 1;
				DEVELOPMENT_TEAM = SZURQ69PCN;
				GENERATE_INFOPLIST_FILE = YES;
				INFOPLIST_FILE = SaveNotes2/Info.plist;
				INFOPLIST_KEY_UIApplicationSupportsIndirectInputEvents = YES;
				INFOPLIST_KEY_UILaunchStoryboardName = LaunchScreen;
				INFOPLIST_KEY_UIMainStoryboardFile = Main;
				INFOPLIST_KEY_UISupportedInterfaceOrientations_iPad = "UIInterfaceOrientationPortrait UIInterfaceOrientationPortraitUpsideDown UIInterfaceOrientationLandscapeLeft UIInterfaceOrientationLandscapeRight";
				INFOPLIST_KEY_UISupportedInterfaceOrientations_iPhone = "UIInterfaceOrientationPortrait UIInterfaceOrientationLandscapeLeft UIInterfaceOrientationLandscapeRight";
				LD_RUNPATH_SEARCH_PATHS = (
					"$(inherited)",
					"@executable_path/Frameworks",
				);
				MARKETING_VERSION = 1.0;
				PRODUCT_BUNDLE_IDENTIFIER = clc.SaveNotes2;
				PRODUCT_NAME = "$(TARGET_NAME)";
				SWIFT_EMIT_LOC_STRINGS = YES;
				SWIFT_VERSION = 5.0;
				TARGETED_DEVICE_FAMILY = "1,2";
			};
			name = Debug;
		};
		14CD04C82AEFFC9800F43B39 /* Release */ = {
			isa = XCBuildConfiguration;
			buildSettings = {
				ASSETCATALOG_COMPILER_APPICON_NAME = AppIcon;
				ASSETCATALOG_COMPILER_GLOBAL_ACCENT_COLOR_NAME = AccentColor;
				CODE_SIGN_STYLE = Automatic;
				CURRENT_PROJECT_VERSION = 1;
				DEVELOPMENT_TEAM = SZURQ69PCN;
				GENERATE_INFOPLIST_FILE = YES;
				INFOPLIST_FILE = SaveNotes2/Info.plist;
				INFOPLIST_KEY_UIApplicationSupportsIndirectInputEvents = YES;
				INFOPLIST_KEY_UILaunchStoryboardName = LaunchScreen;
				INFOPLIST_KEY_UIMainStoryboardFile = Main;
				INFOPLIST_KEY_UISupportedInterfaceOrientations_iPad = "UIInterfaceOrientationPortrait UIInterfaceOrientationPortraitUpsideDown UIInterfaceOrientationLandscapeLeft UIInterfaceOrientationLandscapeRight";
				INFOPLIST_KEY_UISupportedInterfaceOrientations_iPhone = "UIInterfaceOrientationPortrait UIInterfaceOrientationLandscapeLeft UIInterfaceOrientationLandscapeRight";
				LD_RUNPATH_SEARCH_PATHS = (
					"$(inherited)",
					"@executable_path/Frameworks",
				);
				MARKETING_VERSION = 1.0;
				PRODUCT_BUNDLE_IDENTIFIER = clc.SaveNotes2;
				PRODUCT_NAME = "$(TARGET_NAME)";
				SWIFT_EMIT_LOC_STRINGS = YES;
				SWIFT_VERSION = 5.0;
				TARGETED_DEVICE_FAMILY = "1,2";
			};
			name = Release;
		};
		14CD04CA2AEFFC9800F43B39 /* Debug */ = {
			isa = XCBuildConfiguration;
			buildSettings = {
				ALWAYS_EMBED_SWIFT_STANDARD_LIBRARIES = YES;
				BUNDLE_LOADER = "$(TEST_HOST)";
				CODE_SIGN_STYLE = Automatic;
				CURRENT_PROJECT_VERSION = 1;
				DEVELOPMENT_TEAM = SZURQ69PCN;
				GENERATE_INFOPLIST_FILE = YES;
				IPHONEOS_DEPLOYMENT_TARGET = 16.4;
				MARKETING_VERSION = 1.0;
				PRODUCT_BUNDLE_IDENTIFIER = clc.SaveNotes2Tests;
				PRODUCT_NAME = "$(TARGET_NAME)";
				SWIFT_EMIT_LOC_STRINGS = NO;
				SWIFT_VERSION = 5.0;
				TARGETED_DEVICE_FAMILY = "1,2";
				TEST_HOST = "$(BUILT_PRODUCTS_DIR)/SaveNotes2.app/$(BUNDLE_EXECUTABLE_FOLDER_PATH)/SaveNotes2";
			};
			name = Debug;
		};
		14CD04CB2AEFFC9800F43B39 /* Release */ = {
			isa = XCBuildConfiguration;
			buildSettings = {
				ALWAYS_EMBED_SWIFT_STANDARD_LIBRARIES = YES;
				BUNDLE_LOADER = "$(TEST_HOST)";
				CODE_SIGN_STYLE = Automatic;
				CURRENT_PROJECT_VERSION = 1;
				DEVELOPMENT_TEAM = SZURQ69PCN;
				GENERATE_INFOPLIST_FILE = YES;
				IPHONEOS_DEPLOYMENT_TARGET = 16.4;
				MARKETING_VERSION = 1.0;
				PRODUCT_BUNDLE_IDENTIFIER = clc.SaveNotes2Tests;
				PRODUCT_NAME = "$(TARGET_NAME)";
				SWIFT_EMIT_LOC_STRINGS = NO;
				SWIFT_VERSION = 5.0;
				TARGETED_DEVICE_FAMILY = "1,2";
				TEST_HOST = "$(BUILT_PRODUCTS_DIR)/SaveNotes2.app/$(BUNDLE_EXECUTABLE_FOLDER_PATH)/SaveNotes2";
			};
			name = Release;
		};
		14CD04CD2AEFFC9800F43B39 /* Debug */ = {
			isa = XCBuildConfiguration;
			buildSettings = {
				ALWAYS_EMBED_SWIFT_STANDARD_LIBRARIES = YES;
				CODE_SIGN_STYLE = Automatic;
				CURRENT_PROJECT_VERSION = 1;
				DEVELOPMENT_TEAM = SZURQ69PCN;
				GENERATE_INFOPLIST_FILE = YES;
				MARKETING_VERSION = 1.0;
				PRODUCT_BUNDLE_IDENTIFIER = clc.SaveNotes2UITests;
				PRODUCT_NAME = "$(TARGET_NAME)";
				SWIFT_EMIT_LOC_STRINGS = NO;
				SWIFT_VERSION = 5.0;
				TARGETED_DEVICE_FAMILY = "1,2";
				TEST_TARGET_NAME = SaveNotes2;
			};
			name = Debug;
		};
		14CD04CE2AEFFC9800F43B39 /* Release */ = {
			isa = XCBuildConfiguration;
			buildSettings = {
				ALWAYS_EMBED_SWIFT_STANDARD_LIBRARIES = YES;
				CODE_SIGN_STYLE = Automatic;
				CURRENT_PROJECT_VERSION = 1;
				DEVELOPMENT_TEAM = SZURQ69PCN;
				GENERATE_INFOPLIST_FILE = YES;
				MARKETING_VERSION = 1.0;
				PRODUCT_BUNDLE_IDENTIFIER = clc.SaveNotes2UITests;
				PRODUCT_NAME = "$(TARGET_NAME)";
				SWIFT_EMIT_LOC_STRINGS = NO;
				SWIFT_VERSION = 5.0;
				TARGETED_DEVICE_FAMILY = "1,2";
				TEST_TARGET_NAME = SaveNotes2;
			};
			name = Release;
		};
/* End XCBuildConfiguration section */

/* Begin XCConfigurationList section */
		14CD04942AEFFC9600F43B39 /* Build configuration list for PBXProject "SaveNotes2" */ = {
			isa = XCConfigurationList;
			buildConfigurations = (
				14CD04C42AEFFC9800F43B39 /* Debug */,
				14CD04C52AEFFC9800F43B39 /* Release */,
			);
			defaultConfigurationIsVisible = 0;
			defaultConfigurationName = Release;
		};
		14CD04C62AEFFC9800F43B39 /* Build configuration list for PBXNativeTarget "SaveNotes2" */ = {
			isa = XCConfigurationList;
			buildConfigurations = (
				14CD04C72AEFFC9800F43B39 /* Debug */,
				14CD04C82AEFFC9800F43B39 /* Release */,
			);
			defaultConfigurationIsVisible = 0;
			defaultConfigurationName = Release;
		};
		14CD04C92AEFFC9800F43B39 /* Build configuration list for PBXNativeTarget "SaveNotes2Tests" */ = {
			isa = XCConfigurationList;
			buildConfigurations = (
				14CD04CA2AEFFC9800F43B39 /* Debug */,
				14CD04CB2AEFFC9800F43B39 /* Release */,
			);
			defaultConfigurationIsVisible = 0;
			defaultConfigurationName = Release;
		};
		14CD04CC2AEFFC9800F43B39 /* Build configuration list for PBXNativeTarget "SaveNotes2UITests" */ = {
			isa = XCConfigurationList;
			buildConfigurations = (
				14CD04CD2AEFFC9800F43B39 /* Debug */,
				14CD04CE2AEFFC9800F43B39 /* Release */,
			);
			defaultConfigurationIsVisible = 0;
			defaultConfigurationName = Release;
		};
/* End XCConfigurationList section */

/* Begin XCVersionGroup section */
		14CD04A52AEFFC9600F43B39 /* SaveNotes2.xcdatamodeld */ = {
			isa = XCVersionGroup;
			children = (
				14CD04A62AEFFC9600F43B39 /* SaveNotes2.xcdatamodel */,
			);
			currentVersion = 14CD04A62AEFFC9600F43B39 /* SaveNotes2.xcdatamodel */;
			path = SaveNotes2.xcdatamodeld;
			sourceTree = "<group>";
			versionGroupType = wrapper.xcdatamodel;
		};
/* End XCVersionGroup section */
	};
	rootObject = 14CD04912AEFFC9600F43B39 /* Project object */;
}
